// !$*UTF8*$!
{
	archiveVersion = 1;
	classes = {
	};
	objectVersion = 51;
	objects = {

/* Begin PBXBuildFile section */
		19A2DB254DE5BA391967AE93 /* Pods_DemoAppTests.framework in Frameworks */ = {isa = PBXBuildFile; fileRef = E862FD25933D60441D94BE8D /* Pods_DemoAppTests.framework */; };
		24327EEE24A3B1B300895843 /* AppDelegate.swift in Sources */ = {isa = PBXBuildFile; fileRef = 24327EED24A3B1B300895843 /* AppDelegate.swift */; };
		24327EF024A3B1B300895843 /* SceneDelegate.swift in Sources */ = {isa = PBXBuildFile; fileRef = 24327EEF24A3B1B300895843 /* SceneDelegate.swift */; };
		24327EF224A3B1B300895843 /* ViewController.swift in Sources */ = {isa = PBXBuildFile; fileRef = 24327EF124A3B1B300895843 /* ViewController.swift */; };
		24327EF724A3B1B400895843 /* Assets.xcassets in Resources */ = {isa = PBXBuildFile; fileRef = 24327EF624A3B1B400895843 /* Assets.xcassets */; };
		24327EFA24A3B1B400895843 /* LaunchScreen.storyboard in Resources */ = {isa = PBXBuildFile; fileRef = 24327EF824A3B1B400895843 /* LaunchScreen.storyboard */; };
		24327F0524A3B1B400895843 /* DemoAppTests.swift in Sources */ = {isa = PBXBuildFile; fileRef = 24327F0424A3B1B400895843 /* DemoAppTests.swift */; };
		24327F1024A3B1B400895843 /* DemoAppUITests.swift in Sources */ = {isa = PBXBuildFile; fileRef = 24327F0F24A3B1B400895843 /* DemoAppUITests.swift */; };
		24327F2024A3BF5D00895843 /* APIService.swift in Sources */ = {isa = PBXBuildFile; fileRef = 24327F1E24A3BF5D00895843 /* APIService.swift */; };
		24327F2124A3BF5D00895843 /* UserService.swift in Sources */ = {isa = PBXBuildFile; fileRef = 24327F1F24A3BF5D00895843 /* UserService.swift */; };
		24327F2924A3C0E800895843 /* Constant.swift in Sources */ = {isa = PBXBuildFile; fileRef = 24327F2824A3C0E800895843 /* Constant.swift */; };
		441DD184386E33F4CF18FF71 /* Pods_DemoApp.framework in Frameworks */ = {isa = PBXBuildFile; fileRef = CB6AFADCEF7FD4D70125F474 /* Pods_DemoApp.framework */; };
		891E4189F6A86D41769383BA /* Pods_DemoApp_DemoAppUITests.framework in Frameworks */ = {isa = PBXBuildFile; fileRef = AF29CE77320A423B7CA97059 /* Pods_DemoApp_DemoAppUITests.framework */; };
/* End PBXBuildFile section */

/* Begin PBXContainerItemProxy section */
		24327F0124A3B1B400895843 /* PBXContainerItemProxy */ = {
			isa = PBXContainerItemProxy;
			containerPortal = 24327EE224A3B1B300895843 /* Project object */;
			proxyType = 1;
			remoteGlobalIDString = 24327EE924A3B1B300895843;
			remoteInfo = DemoApp;
		};
		24327F0C24A3B1B400895843 /* PBXContainerItemProxy */ = {
			isa = PBXContainerItemProxy;
			containerPortal = 24327EE224A3B1B300895843 /* Project object */;
			proxyType = 1;
			remoteGlobalIDString = 24327EE924A3B1B300895843;
			remoteInfo = DemoApp;
		};
/* End PBXContainerItemProxy section */

/* Begin PBXFileReference section */
		24327EEA24A3B1B300895843 /* DemoApp.app */ = {isa = PBXFileReference; explicitFileType = wrapper.application; includeInIndex = 0; path = DemoApp.app; sourceTree = BUILT_PRODUCTS_DIR; };
		24327EED24A3B1B300895843 /* AppDelegate.swift */ = {isa = PBXFileReference; lastKnownFileType = sourcecode.swift; path = AppDelegate.swift; sourceTree = "<group>"; };
		24327EEF24A3B1B300895843 /* SceneDelegate.swift */ = {isa = PBXFileReference; lastKnownFileType = sourcecode.swift; path = SceneDelegate.swift; sourceTree = "<group>"; };
		24327EF124A3B1B300895843 /* ViewController.swift */ = {isa = PBXFileReference; lastKnownFileType = sourcecode.swift; path = ViewController.swift; sourceTree = "<group>"; };
		24327EF624A3B1B400895843 /* Assets.xcassets */ = {isa = PBXFileReference; lastKnownFileType = folder.assetcatalog; path = Assets.xcassets; sourceTree = "<group>"; };
		24327EF924A3B1B400895843 /* Base */ = {isa = PBXFileReference; lastKnownFileType = file.storyboard; name = Base; path = Base.lproj/LaunchScreen.storyboard; sourceTree = "<group>"; };
		24327EFB24A3B1B400895843 /* Info.plist */ = {isa = PBXFileReference; lastKnownFileType = text.plist.xml; path = Info.plist; sourceTree = "<group>"; };
		24327F0024A3B1B400895843 /* DemoAppTests.xctest */ = {isa = PBXFileReference; explicitFileType = wrapper.cfbundle; includeInIndex = 0; path = DemoAppTests.xctest; sourceTree = BUILT_PRODUCTS_DIR; };
		24327F0424A3B1B400895843 /* DemoAppTests.swift */ = {isa = PBXFileReference; lastKnownFileType = sourcecode.swift; path = DemoAppTests.swift; sourceTree = "<group>"; };
		24327F0624A3B1B400895843 /* Info.plist */ = {isa = PBXFileReference; lastKnownFileType = text.plist.xml; path = Info.plist; sourceTree = "<group>"; };
		24327F0B24A3B1B400895843 /* DemoAppUITests.xctest */ = {isa = PBXFileReference; explicitFileType = wrapper.cfbundle; includeInIndex = 0; path = DemoAppUITests.xctest; sourceTree = BUILT_PRODUCTS_DIR; };
		24327F0F24A3B1B400895843 /* DemoAppUITests.swift */ = {isa = PBXFileReference; lastKnownFileType = sourcecode.swift; path = DemoAppUITests.swift; sourceTree = "<group>"; };
		24327F1124A3B1B400895843 /* Info.plist */ = {isa = PBXFileReference; lastKnownFileType = text.plist.xml; path = Info.plist; sourceTree = "<group>"; };
		24327F1E24A3BF5D00895843 /* APIService.swift */ = {isa = PBXFileReference; fileEncoding = 4; lastKnownFileType = sourcecode.swift; path = APIService.swift; sourceTree = "<group>"; };
		24327F1F24A3BF5D00895843 /* UserService.swift */ = {isa = PBXFileReference; fileEncoding = 4; lastKnownFileType = sourcecode.swift; path = UserService.swift; sourceTree = "<group>"; };
		24327F2824A3C0E800895843 /* Constant.swift */ = {isa = PBXFileReference; fileEncoding = 4; lastKnownFileType = sourcecode.swift; path = Constant.swift; sourceTree = "<group>"; };
		378DED02F9AC7AF041CE6D86 /* Pods-DemoAppTests.release.xcconfig */ = {isa = PBXFileReference; includeInIndex = 1; lastKnownFileType = text.xcconfig; name = "Pods-DemoAppTests.release.xcconfig"; path = "Target Support Files/Pods-DemoAppTests/Pods-DemoAppTests.release.xcconfig"; sourceTree = "<group>"; };
		47ABF28ED33A0800D3E6A74C /* Pods-DemoApp-DemoAppUITests.release.xcconfig */ = {isa = PBXFileReference; includeInIndex = 1; lastKnownFileType = text.xcconfig; name = "Pods-DemoApp-DemoAppUITests.release.xcconfig"; path = "Target Support Files/Pods-DemoApp-DemoAppUITests/Pods-DemoApp-DemoAppUITests.release.xcconfig"; sourceTree = "<group>"; };
		A7107D203AC67CBBE1D63E68 /* Pods-DemoApp.debug.xcconfig */ = {isa = PBXFileReference; includeInIndex = 1; lastKnownFileType = text.xcconfig; name = "Pods-DemoApp.debug.xcconfig"; path = "Target Support Files/Pods-DemoApp/Pods-DemoApp.debug.xcconfig"; sourceTree = "<group>"; };
		AD33F472D4ECB3C8F0193841 /* Pods-DemoApp.release.xcconfig */ = {isa = PBXFileReference; includeInIndex = 1; lastKnownFileType = text.xcconfig; name = "Pods-DemoApp.release.xcconfig"; path = "Target Support Files/Pods-DemoApp/Pods-DemoApp.release.xcconfig"; sourceTree = "<group>"; };
		AF29CE77320A423B7CA97059 /* Pods_DemoApp_DemoAppUITests.framework */ = {isa = PBXFileReference; explicitFileType = wrapper.framework; includeInIndex = 0; path = Pods_DemoApp_DemoAppUITests.framework; sourceTree = BUILT_PRODUCTS_DIR; };
		BC45080FBEE7DB867CE7B6BC /* Pods-DemoApp-DemoAppUITests.debug.xcconfig */ = {isa = PBXFileReference; includeInIndex = 1; lastKnownFileType = text.xcconfig; name = "Pods-DemoApp-DemoAppUITests.debug.xcconfig"; path = "Target Support Files/Pods-DemoApp-DemoAppUITests/Pods-DemoApp-DemoAppUITests.debug.xcconfig"; sourceTree = "<group>"; };
		CB6AFADCEF7FD4D70125F474 /* Pods_DemoApp.framework */ = {isa = PBXFileReference; explicitFileType = wrapper.framework; includeInIndex = 0; path = Pods_DemoApp.framework; sourceTree = BUILT_PRODUCTS_DIR; };
		E862FD25933D60441D94BE8D /* Pods_DemoAppTests.framework */ = {isa = PBXFileReference; explicitFileType = wrapper.framework; includeInIndex = 0; path = Pods_DemoAppTests.framework; sourceTree = BUILT_PRODUCTS_DIR; };
		E9D36FFAE31240991AB0036F /* Pods-DemoAppTests.debug.xcconfig */ = {isa = PBXFileReference; includeInIndex = 1; lastKnownFileType = text.xcconfig; name = "Pods-DemoAppTests.debug.xcconfig"; path = "Target Support Files/Pods-DemoAppTests/Pods-DemoAppTests.debug.xcconfig"; sourceTree = "<group>"; };
/* End PBXFileReference section */

/* Begin PBXFrameworksBuildPhase section */
		24327EE724A3B1B300895843 /* Frameworks */ = {
			isa = PBXFrameworksBuildPhase;
			buildActionMask = 2147483647;
			files = (
				441DD184386E33F4CF18FF71 /* Pods_DemoApp.framework in Frameworks */,
			);
			runOnlyForDeploymentPostprocessing = 0;
		};
		24327EFD24A3B1B400895843 /* Frameworks */ = {
			isa = PBXFrameworksBuildPhase;
			buildActionMask = 2147483647;
			files = (
				19A2DB254DE5BA391967AE93 /* Pods_DemoAppTests.framework in Frameworks */,
			);
			runOnlyForDeploymentPostprocessing = 0;
		};
		24327F0824A3B1B400895843 /* Frameworks */ = {
			isa = PBXFrameworksBuildPhase;
			buildActionMask = 2147483647;
			files = (
				891E4189F6A86D41769383BA /* Pods_DemoApp_DemoAppUITests.framework in Frameworks */,
			);
			runOnlyForDeploymentPostprocessing = 0;
		};
/* End PBXFrameworksBuildPhase section */

/* Begin PBXGroup section */
		24327EE124A3B1B300895843 = {
			isa = PBXGroup;
			children = (
				24327EEC24A3B1B300895843 /* DemoApp */,
				24327F0324A3B1B400895843 /* DemoAppTests */,
				24327F0E24A3B1B400895843 /* DemoAppUITests */,
				24327EEB24A3B1B300895843 /* Products */,
				EDF484811C9330A330738B5B /* Pods */,
				9F43F0F431EDC29C9633DD7C /* Frameworks */,
			);
			sourceTree = "<group>";
		};
		24327EEB24A3B1B300895843 /* Products */ = {
			isa = PBXGroup;
			children = (
				24327EEA24A3B1B300895843 /* DemoApp.app */,
				24327F0024A3B1B400895843 /* DemoAppTests.xctest */,
				24327F0B24A3B1B400895843 /* DemoAppUITests.xctest */,
			);
			name = Products;
			sourceTree = "<group>";
		};
		24327EEC24A3B1B300895843 /* DemoApp */ = {
			isa = PBXGroup;
			children = (
				24327EED24A3B1B300895843 /* AppDelegate.swift */,
				24327EEF24A3B1B300895843 /* SceneDelegate.swift */,
				244899AD24A4BD9700D47408 /* Controller */,
				24327F2724A3C0B000895843 /* Store */,
				24327F1D24A3BF3400895843 /* Networks */,
				24327EF624A3B1B400895843 /* Assets.xcassets */,
				24327EF824A3B1B400895843 /* LaunchScreen.storyboard */,
				24327EFB24A3B1B400895843 /* Info.plist */,
			);
			path = DemoApp;
			sourceTree = "<group>";
		};
		24327F0324A3B1B400895843 /* DemoAppTests */ = {
			isa = PBXGroup;
			children = (
				24327F0424A3B1B400895843 /* DemoAppTests.swift */,
				24327F0624A3B1B400895843 /* Info.plist */,
			);
			path = DemoAppTests;
			sourceTree = "<group>";
		};
		24327F0E24A3B1B400895843 /* DemoAppUITests */ = {
			isa = PBXGroup;
			children = (
				24327F0F24A3B1B400895843 /* DemoAppUITests.swift */,
				24327F1124A3B1B400895843 /* Info.plist */,
			);
			path = DemoAppUITests;
			sourceTree = "<group>";
		};
		24327F1D24A3BF3400895843 /* Networks */ = {
			isa = PBXGroup;
			children = (
				24327F1E24A3BF5D00895843 /* APIService.swift */,
				24327F1F24A3BF5D00895843 /* UserService.swift */,
			);
			path = Networks;
			sourceTree = "<group>";
		};
		24327F2724A3C0B000895843 /* Store */ = {
			isa = PBXGroup;
			children = (
				24327F2824A3C0E800895843 /* Constant.swift */,
			);
			path = Store;
			sourceTree = "<group>";
		};
		244899AD24A4BD9700D47408 /* Controller */ = {
			isa = PBXGroup;
			children = (
				24327EF124A3B1B300895843 /* ViewController.swift */,
			);
			path = Controller;
			sourceTree = "<group>";
		};
		9F43F0F431EDC29C9633DD7C /* Frameworks */ = {
			isa = PBXGroup;
			children = (
				CB6AFADCEF7FD4D70125F474 /* Pods_DemoApp.framework */,
				AF29CE77320A423B7CA97059 /* Pods_DemoApp_DemoAppUITests.framework */,
				E862FD25933D60441D94BE8D /* Pods_DemoAppTests.framework */,
			);
			name = Frameworks;
			sourceTree = "<group>";
		};
		EDF484811C9330A330738B5B /* Pods */ = {
			isa = PBXGroup;
			children = (
				A7107D203AC67CBBE1D63E68 /* Pods-DemoApp.debug.xcconfig */,
				AD33F472D4ECB3C8F0193841 /* Pods-DemoApp.release.xcconfig */,
				BC45080FBEE7DB867CE7B6BC /* Pods-DemoApp-DemoAppUITests.debug.xcconfig */,
				47ABF28ED33A0800D3E6A74C /* Pods-DemoApp-DemoAppUITests.release.xcconfig */,
				E9D36FFAE31240991AB0036F /* Pods-DemoAppTests.debug.xcconfig */,
				378DED02F9AC7AF041CE6D86 /* Pods-DemoAppTests.release.xcconfig */,
			);
			path = Pods;
			sourceTree = "<group>";
		};
/* End PBXGroup section */

/* Begin PBXNativeTarget section */
		24327EE924A3B1B300895843 /* DemoApp */ = {
			isa = PBXNativeTarget;
			buildConfigurationList = 24327F1424A3B1B400895843 /* Build configuration list for PBXNativeTarget "DemoApp" */;
			buildPhases = (
				9237B07D16529D97BD06805A /* [CP] Check Pods Manifest.lock */,
				24327EE624A3B1B300895843 /* Sources */,
				24327EE724A3B1B300895843 /* Frameworks */,
				24327EE824A3B1B300895843 /* Resources */,
				E74DE4D79D8B884372A48052 /* [CP] Embed Pods Frameworks */,
			);
			buildRules = (
			);
			dependencies = (
			);
			name = DemoApp;
			productName = DemoApp;
			productReference = 24327EEA24A3B1B300895843 /* DemoApp.app */;
			productType = "com.apple.product-type.application";
		};
		24327EFF24A3B1B400895843 /* DemoAppTests */ = {
			isa = PBXNativeTarget;
			buildConfigurationList = 24327F1724A3B1B400895843 /* Build configuration list for PBXNativeTarget "DemoAppTests" */;
			buildPhases = (
				B1FA3AD4D6E0E11A5292F6B8 /* [CP] Check Pods Manifest.lock */,
				24327EFC24A3B1B400895843 /* Sources */,
				24327EFD24A3B1B400895843 /* Frameworks */,
				24327EFE24A3B1B400895843 /* Resources */,
			);
			buildRules = (
			);
			dependencies = (
				24327F0224A3B1B400895843 /* PBXTargetDependency */,
			);
			name = DemoAppTests;
			productName = DemoAppTests;
			productReference = 24327F0024A3B1B400895843 /* DemoAppTests.xctest */;
			productType = "com.apple.product-type.bundle.unit-test";
		};
		24327F0A24A3B1B400895843 /* DemoAppUITests */ = {
			isa = PBXNativeTarget;
			buildConfigurationList = 24327F1A24A3B1B400895843 /* Build configuration list for PBXNativeTarget "DemoAppUITests" */;
			buildPhases = (
				7692A0658C04904799B9B7D6 /* [CP] Check Pods Manifest.lock */,
				24327F0724A3B1B400895843 /* Sources */,
				24327F0824A3B1B400895843 /* Frameworks */,
				24327F0924A3B1B400895843 /* Resources */,
				365618E54EDE4CBE726C86C9 /* [CP] Embed Pods Frameworks */,
			);
			buildRules = (
			);
			dependencies = (
				24327F0D24A3B1B400895843 /* PBXTargetDependency */,
			);
			name = DemoAppUITests;
			productName = DemoAppUITests;
			productReference = 24327F0B24A3B1B400895843 /* DemoAppUITests.xctest */;
			productType = "com.apple.product-type.bundle.ui-testing";
		};
/* End PBXNativeTarget section */

/* Begin PBXProject section */
		24327EE224A3B1B300895843 /* Project object */ = {
			isa = PBXProject;
			attributes = {
				LastSwiftUpdateCheck = 1110;
				LastUpgradeCheck = 1110;
				ORGANIZATIONNAME = "vivek bajirao deshmukh";
				TargetAttributes = {
					24327EE924A3B1B300895843 = {
						CreatedOnToolsVersion = 11.1;
					};
					24327EFF24A3B1B400895843 = {
						CreatedOnToolsVersion = 11.1;
						TestTargetID = 24327EE924A3B1B300895843;
					};
					24327F0A24A3B1B400895843 = {
						CreatedOnToolsVersion = 11.1;
						TestTargetID = 24327EE924A3B1B300895843;
					};
				};
			};
			buildConfigurationList = 24327EE524A3B1B300895843 /* Build configuration list for PBXProject "DemoApp" */;
			compatibilityVersion = "Xcode 9.3";
			developmentRegion = en;
			hasScannedForEncodings = 0;
			knownRegions = (
				en,
				Base,
			);
			mainGroup = 24327EE124A3B1B300895843;
			productRefGroup = 24327EEB24A3B1B300895843 /* Products */;
			projectDirPath = "";
			projectRoot = "";
			targets = (
				24327EE924A3B1B300895843 /* DemoApp */,
				24327EFF24A3B1B400895843 /* DemoAppTests */,
				24327F0A24A3B1B400895843 /* DemoAppUITests */,
			);
		};
/* End PBXProject section */

/* Begin PBXResourcesBuildPhase section */
		24327EE824A3B1B300895843 /* Resources */ = {
			isa = PBXResourcesBuildPhase;
			buildActionMask = 2147483647;
			files = (
				24327EFA24A3B1B400895843 /* LaunchScreen.storyboard in Resources */,
				24327EF724A3B1B400895843 /* Assets.xcassets in Resources */,
			);
			runOnlyForDeploymentPostprocessing = 0;
		};
		24327EFE24A3B1B400895843 /* Resources */ = {
			isa = PBXResourcesBuildPhase;
			buildActionMask = 2147483647;
			files = (
			);
			runOnlyForDeploymentPostprocessing = 0;
		};
		24327F0924A3B1B400895843 /* Resources */ = {
			isa = PBXResourcesBuildPhase;
			buildActionMask = 2147483647;
			files = (
			);
			runOnlyForDeploymentPostprocessing = 0;
		};
/* End PBXResourcesBuildPhase section */

/* Begin PBXShellScriptBuildPhase section */
		365618E54EDE4CBE726C86C9 /* [CP] Embed Pods Frameworks */ = {
			isa = PBXShellScriptBuildPhase;
			buildActionMask = 2147483647;
			files = (
			);
			inputFileListPaths = (
				"${PODS_ROOT}/Target Support Files/Pods-DemoApp-DemoAppUITests/Pods-DemoApp-DemoAppUITests-frameworks-${CONFIGURATION}-input-files.xcfilelist",
			);
			name = "[CP] Embed Pods Frameworks";
			outputFileListPaths = (
				"${PODS_ROOT}/Target Support Files/Pods-DemoApp-DemoAppUITests/Pods-DemoApp-DemoAppUITests-frameworks-${CONFIGURATION}-output-files.xcfilelist",
			);
			runOnlyForDeploymentPostprocessing = 0;
			shellPath = /bin/sh;
			shellScript = "\"${PODS_ROOT}/Target Support Files/Pods-DemoApp-DemoAppUITests/Pods-DemoApp-DemoAppUITests-frameworks.sh\"\n";
			showEnvVarsInLog = 0;
		};
		7692A0658C04904799B9B7D6 /* [CP] Check Pods Manifest.lock */ = {
			isa = PBXShellScriptBuildPhase;
			buildActionMask = 2147483647;
			files = (
			);
			inputFileListPaths = (
			);
			inputPaths = (
				"${PODS_PODFILE_DIR_PATH}/Podfile.lock",
				"${PODS_ROOT}/Manifest.lock",
			);
			name = "[CP] Check Pods Manifest.lock";
			outputFileListPaths = (
			);
			outputPaths = (
				"$(DERIVED_FILE_DIR)/Pods-DemoApp-DemoAppUITests-checkManifestLockResult.txt",
			);
			runOnlyForDeploymentPostprocessing = 0;
			shellPath = /bin/sh;
			shellScript = "diff \"${PODS_PODFILE_DIR_PATH}/Podfile.lock\" \"${PODS_ROOT}/Manifest.lock\" > /dev/null\nif [ $? != 0 ] ; then\n    # print error to STDERR\n    echo \"error: The sandbox is not in sync with the Podfile.lock. Run 'pod install' or update your CocoaPods installation.\" >&2\n    exit 1\nfi\n# This output is used by Xcode 'outputs' to avoid re-running this script phase.\necho \"SUCCESS\" > \"${SCRIPT_OUTPUT_FILE_0}\"\n";
			showEnvVarsInLog = 0;
		};
		9237B07D16529D97BD06805A /* [CP] Check Pods Manifest.lock */ = {
			isa = PBXShellScriptBuildPhase;
			buildActionMask = 2147483647;
			files = (
			);
			inputFileListPaths = (
			);
			inputPaths = (
				"${PODS_PODFILE_DIR_PATH}/Podfile.lock",
				"${PODS_ROOT}/Manifest.lock",
			);
			name = "[CP] Check Pods Manifest.lock";
			outputFileListPaths = (
			);
			outputPaths = (
				"$(DERIVED_FILE_DIR)/Pods-DemoApp-checkManifestLockResult.txt",
			);
			runOnlyForDeploymentPostprocessing = 0;
			shellPath = /bin/sh;
			shellScript = "diff \"${PODS_PODFILE_DIR_PATH}/Podfile.lock\" \"${PODS_ROOT}/Manifest.lock\" > /dev/null\nif [ $? != 0 ] ; then\n    # print error to STDERR\n    echo \"error: The sandbox is not in sync with the Podfile.lock. Run 'pod install' or update your CocoaPods installation.\" >&2\n    exit 1\nfi\n# This output is used by Xcode 'outputs' to avoid re-running this script phase.\necho \"SUCCESS\" > \"${SCRIPT_OUTPUT_FILE_0}\"\n";
			showEnvVarsInLog = 0;
		};
		B1FA3AD4D6E0E11A5292F6B8 /* [CP] Check Pods Manifest.lock */ = {
			isa = PBXShellScriptBuildPhase;
			buildActionMask = 2147483647;
			files = (
			);
			inputFileListPaths = (
			);
			inputPaths = (
				"${PODS_PODFILE_DIR_PATH}/Podfile.lock",
				"${PODS_ROOT}/Manifest.lock",
			);
			name = "[CP] Check Pods Manifest.lock";
			outputFileListPaths = (
			);
			outputPaths = (
				"$(DERIVED_FILE_DIR)/Pods-DemoAppTests-checkManifestLockResult.txt",
			);
			runOnlyForDeploymentPostprocessing = 0;
			shellPath = /bin/sh;
			shellScript = "diff \"${PODS_PODFILE_DIR_PATH}/Podfile.lock\" \"${PODS_ROOT}/Manifest.lock\" > /dev/null\nif [ $? != 0 ] ; then\n    # print error to STDERR\n    echo \"error: The sandbox is not in sync with the Podfile.lock. Run 'pod install' or update your CocoaPods installation.\" >&2\n    exit 1\nfi\n# This output is used by Xcode 'outputs' to avoid re-running this script phase.\necho \"SUCCESS\" > \"${SCRIPT_OUTPUT_FILE_0}\"\n";
			showEnvVarsInLog = 0;
		};
		E74DE4D79D8B884372A48052 /* [CP] Embed Pods Frameworks */ = {
			isa = PBXShellScriptBuildPhase;
			buildActionMask = 2147483647;
			files = (
			);
			inputFileListPaths = (
				"${PODS_ROOT}/Target Support Files/Pods-DemoApp/Pods-DemoApp-frameworks-${CONFIGURATION}-input-files.xcfilelist",
			);
			name = "[CP] Embed Pods Frameworks";
			outputFileListPaths = (
				"${PODS_ROOT}/Target Support Files/Pods-DemoApp/Pods-DemoApp-frameworks-${CONFIGURATION}-output-files.xcfilelist",
			);
			runOnlyForDeploymentPostprocessing = 0;
			shellPath = /bin/sh;
			shellScript = "\"${PODS_ROOT}/Target Support Files/Pods-DemoApp/Pods-DemoApp-frameworks.sh\"\n";
			showEnvVarsInLog = 0;
		};
/* End PBXShellScriptBuildPhase section */

/* Begin PBXSourcesBuildPhase section */
		24327EE624A3B1B300895843 /* Sources */ = {
			isa = PBXSourcesBuildPhase;
			buildActionMask = 2147483647;
			files = (
				24327EF224A3B1B300895843 /* ViewController.swift in Sources */,
				24327F2124A3BF5D00895843 /* UserService.swift in Sources */,
				24327EEE24A3B1B300895843 /* AppDelegate.swift in Sources */,
				24327F2924A3C0E800895843 /* Constant.swift in Sources */,
				24327F2024A3BF5D00895843 /* APIService.swift in Sources */,
				24327EF024A3B1B300895843 /* SceneDelegate.swift in Sources */,
			);
			runOnlyForDeploymentPostprocessing = 0;
		};
		24327EFC24A3B1B400895843 /* Sources */ = {
			isa = PBXSourcesBuildPhase;
			buildActionMask = 2147483647;
			files = (
				24327F0524A3B1B400895843 /* DemoAppTests.swift in Sources */,
			);
			runOnlyForDeploymentPostprocessing = 0;
		};
		24327F0724A3B1B400895843 /* Sources */ = {
			isa = PBXSourcesBuildPhase;
			buildActionMask = 2147483647;
			files = (
				24327F1024A3B1B400895843 /* DemoAppUITests.swift in Sources */,
			);
			runOnlyForDeploymentPostprocessing = 0;
		};
/* End PBXSourcesBuildPhase section */

/* Begin PBXTargetDependency section */
		24327F0224A3B1B400895843 /* PBXTargetDependency */ = {
			isa = PBXTargetDependency;
			target = 24327EE924A3B1B300895843 /* DemoApp */;
			targetProxy = 24327F0124A3B1B400895843 /* PBXContainerItemProxy */;
		};
		24327F0D24A3B1B400895843 /* PBXTargetDependency */ = {
			isa = PBXTargetDependency;
			target = 24327EE924A3B1B300895843 /* DemoApp */;
			targetProxy = 24327F0C24A3B1B400895843 /* PBXContainerItemProxy */;
		};
/* End PBXTargetDependency section */

/* Begin PBXVariantGroup section */
		24327EF824A3B1B400895843 /* LaunchScreen.storyboard */ = {
			isa = PBXVariantGroup;
			children = (
				24327EF924A3B1B400895843 /* Base */,
			);
			name = LaunchScreen.storyboard;
			sourceTree = "<group>";
		};
/* End PBXVariantGroup section */

/* Begin XCBuildConfiguration section */
		24327F1224A3B1B400895843 /* Debug */ = {
			isa = XCBuildConfiguration;
			buildSettings = {
				ALWAYS_SEARCH_USER_PATHS = NO;
				CLANG_ANALYZER_NONNULL = YES;
				CLANG_ANALYZER_NUMBER_OBJECT_CONVERSION = YES_AGGRESSIVE;
				CLANG_CXX_LANGUAGE_STANDARD = "gnu++14";
				CLANG_CXX_LIBRARY = "libc++";
				CLANG_ENABLE_MODULES = YES;
				CLANG_ENABLE_OBJC_ARC = YES;
				CLANG_ENABLE_OBJC_WEAK = YES;
				CLANG_WARN_BLOCK_CAPTURE_AUTORELEASING = YES;
				CLANG_WARN_BOOL_CONVERSION = YES;
				CLANG_WARN_COMMA = YES;
				CLANG_WARN_CONSTANT_CONVERSION = YES;
				CLANG_WARN_DEPRECATED_OBJC_IMPLEMENTATIONS = YES;
				CLANG_WARN_DIRECT_OBJC_ISA_USAGE = YES_ERROR;
				CLANG_WARN_DOCUMENTATION_COMMENTS = YES;
				CLANG_WARN_EMPTY_BODY = YES;
				CLANG_WARN_ENUM_CONVERSION = YES;
				CLANG_WARN_INFINITE_RECURSION = YES;
				CLANG_WARN_INT_CONVERSION = YES;
				CLANG_WARN_NON_LITERAL_NULL_CONVERSION = YES;
				CLANG_WARN_OBJC_IMPLICIT_RETAIN_SELF = YES;
				CLANG_WARN_OBJC_LITERAL_CONVERSION = YES;
				CLANG_WARN_OBJC_ROOT_CLASS = YES_ERROR;
				CLANG_WARN_RANGE_LOOP_ANALYSIS = YES;
				CLANG_WARN_STRICT_PROTOTYPES = YES;
				CLANG_WARN_SUSPICIOUS_MOVE = YES;
				CLANG_WARN_UNGUARDED_AVAILABILITY = YES_AGGRESSIVE;
				CLANG_WARN_UNREACHABLE_CODE = YES;
				CLANG_WARN__DUPLICATE_METHOD_MATCH = YES;
				COPY_PHASE_STRIP = NO;
				DEBUG_INFORMATION_FORMAT = dwarf;
				ENABLE_STRICT_OBJC_MSGSEND = YES;
				ENABLE_TESTABILITY = YES;
				GCC_C_LANGUAGE_STANDARD = gnu11;
				GCC_DYNAMIC_NO_PIC = NO;
				GCC_NO_COMMON_BLOCKS = YES;
				GCC_OPTIMIZATION_LEVEL = 0;
				GCC_PREPROCESSOR_DEFINITIONS = (
					"DEBUG=1",
					"$(inherited)",
				);
				GCC_WARN_64_TO_32_BIT_CONVERSION = YES;
				GCC_WARN_ABOUT_RETURN_TYPE = YES_ERROR;
				GCC_WARN_UNDECLARED_SELECTOR = YES;
				GCC_WARN_UNINITIALIZED_AUTOS = YES_AGGRESSIVE;
				GCC_WARN_UNUSED_FUNCTION = YES;
				GCC_WARN_UNUSED_VARIABLE = YES;
				IPHONEOS_DEPLOYMENT_TARGET = 13.1;
				MTL_ENABLE_DEBUG_INFO = INCLUDE_SOURCE;
				MTL_FAST_MATH = YES;
				ONLY_ACTIVE_ARCH = YES;
				SDKROOT = iphoneos;
				SWIFT_ACTIVE_COMPILATION_CONDITIONS = DEBUG;
				SWIFT_OPTIMIZATION_LEVEL = "-Onone";
			};
			name = Debug;
		};
		24327F1324A3B1B400895843 /* Release */ = {
			isa = XCBuildConfiguration;
			buildSettings = {
				ALWAYS_SEARCH_USER_PATHS = NO;
				CLANG_ANALYZER_NONNULL = YES;
				CLANG_ANALYZER_NUMBER_OBJECT_CONVERSION = YES_AGGRESSIVE;
				CLANG_CXX_LANGUAGE_STANDARD = "gnu++14";
				CLANG_CXX_LIBRARY = "libc++";
				CLANG_ENABLE_MODULES = YES;
				CLANG_ENABLE_OBJC_ARC = YES;
				CLANG_ENABLE_OBJC_WEAK = YES;
				CLANG_WARN_BLOCK_CAPTURE_AUTORELEASING = YES;
				CLANG_WARN_BOOL_CONVERSION = YES;
				CLANG_WARN_COMMA = YES;
				CLANG_WARN_CONSTANT_CONVERSION = YES;
				CLANG_WARN_DEPRECATED_OBJC_IMPLEMENTATIONS = YES;
				CLANG_WARN_DIRECT_OBJC_ISA_USAGE = YES_ERROR;
				CLANG_WARN_DOCUMENTATION_COMMENTS = YES;
				CLANG_WARN_EMPTY_BODY = YES;
				CLANG_WARN_ENUM_CONVERSION = YES;
				CLANG_WARN_INFINITE_RECURSION = YES;
				CLANG_WARN_INT_CONVERSION = YES;
				CLANG_WARN_NON_LITERAL_NULL_CONVERSION = YES;
				CLANG_WARN_OBJC_IMPLICIT_RETAIN_SELF = YES;
				CLANG_WARN_OBJC_LITERAL_CONVERSION = YES;
				CLANG_WARN_OBJC_ROOT_CLASS = YES_ERROR;
				CLANG_WARN_RANGE_LOOP_ANALYSIS = YES;
				CLANG_WARN_STRICT_PROTOTYPES = YES;
				CLANG_WARN_SUSPICIOUS_MOVE = YES;
				CLANG_WARN_UNGUARDED_AVAILABILITY = YES_AGGRESSIVE;
				CLANG_WARN_UNREACHABLE_CODE = YES;
				CLANG_WARN__DUPLICATE_METHOD_MATCH = YES;
				COPY_PHASE_STRIP = NO;
				DEBUG_INFORMATION_FORMAT = "dwarf-with-dsym";
				ENABLE_NS_ASSERTIONS = NO;
				ENABLE_STRICT_OBJC_MSGSEND = YES;
				GCC_C_LANGUAGE_STANDARD = gnu11;
				GCC_NO_COMMON_BLOCKS = YES;
				GCC_WARN_64_TO_32_BIT_CONVERSION = YES;
				GCC_WARN_ABOUT_RETURN_TYPE = YES_ERROR;
				GCC_WARN_UNDECLARED_SELECTOR = YES;
				GCC_WARN_UNINITIALIZED_AUTOS = YES_AGGRESSIVE;
				GCC_WARN_UNUSED_FUNCTION = YES;
				GCC_WARN_UNUSED_VARIABLE = YES;
				IPHONEOS_DEPLOYMENT_TARGET = 13.1;
				MTL_ENABLE_DEBUG_INFO = NO;
				MTL_FAST_MATH = YES;
				SDKROOT = iphoneos;
				SWIFT_COMPILATION_MODE = wholemodule;
				SWIFT_OPTIMIZATION_LEVEL = "-O";
				VALIDATE_PRODUCT = YES;
			};
			name = Release;
		};
		24327F1524A3B1B400895843 /* Debug */ = {
			isa = XCBuildConfiguration;
			baseConfigurationReference = A7107D203AC67CBBE1D63E68 /* Pods-DemoApp.debug.xcconfig */;
			buildSettings = {
				ASSETCATALOG_COMPILER_APPICON_NAME = AppIcon;
				CODE_SIGN_STYLE = Automatic;
				INFOPLIST_FILE = DemoApp/Info.plist;
				LD_RUNPATH_SEARCH_PATHS = (
					"$(inherited)",
					"@executable_path/Frameworks",
				);
				PRODUCT_BUNDLE_IDENTIFIER = com.vivek.deshmukh.DemoApp;
				PRODUCT_NAME = "$(TARGET_NAME)";
				SWIFT_VERSION = 5.0;
				TARGETED_DEVICE_FAMILY = "1,2";
			};
			name = Debug;
		};
		24327F1624A3B1B400895843 /* Release */ = {
			isa = XCBuildConfiguration;
			baseConfigurationReference = AD33F472D4ECB3C8F0193841 /* Pods-DemoApp.release.xcconfig */;
			buildSettings = {
				ASSETCATALOG_COMPILER_APPICON_NAME = AppIcon;
				CODE_SIGN_STYLE = Automatic;
				INFOPLIST_FILE = DemoApp/Info.plist;
				LD_RUNPATH_SEARCH_PATHS = (
					"$(inherited)",
					"@executable_path/Frameworks",
				);
				PRODUCT_BUNDLE_IDENTIFIER = com.vivek.deshmukh.DemoApp;
				PRODUCT_NAME = "$(TARGET_NAME)";
				SWIFT_VERSION = 5.0;
				TARGETED_DEVICE_FAMILY = "1,2";
			};
			name = Release;
		};
		24327F1824A3B1B400895843 /* Debug */ = {
			isa = XCBuildConfiguration;
			baseConfigurationReference = E9D36FFAE31240991AB0036F /* Pods-DemoAppTests.debug.xcconfig */;
			buildSettings = {
				ALWAYS_EMBED_SWIFT_STANDARD_LIBRARIES = YES;
				BUNDLE_LOADER = "$(TEST_HOST)";
				CODE_SIGN_STYLE = Automatic;
				INFOPLIST_FILE = DemoAppTests/Info.plist;
				IPHONEOS_DEPLOYMENT_TARGET = 13.1;
				LD_RUNPATH_SEARCH_PATHS = (
					"$(inherited)",
					"@executable_path/Frameworks",
					"@loader_path/Frameworks",
				);
				PRODUCT_BUNDLE_IDENTIFIER = com.vivek.deshmukh.DemoAppTests;
				PRODUCT_NAME = "$(TARGET_NAME)";
				SWIFT_VERSION = 5.0;
				TARGETED_DEVICE_FAMILY = "1,2";
				TEST_HOST = "$(BUILT_PRODUCTS_DIR)/DemoApp.app/DemoApp";
			};
			name = Debug;
		};
		24327F1924A3B1B400895843 /* Release */ = {
			isa = XCBuildConfiguration;
			baseConfigurationReference = 378DED02F9AC7AF041CE6D86 /* Pods-DemoAppTests.release.xcconfig */;
			buildSettings = {
				ALWAYS_EMBED_SWIFT_STANDARD_LIBRARIES = YES;
				BUNDLE_LOADER = "$(TEST_HOST)";
				CODE_SIGN_STYLE = Automatic;
				INFOPLIST_FILE = DemoAppTests/Info.plist;
				IPHONEOS_DEPLOYMENT_TARGET = 13.1;
				LD_RUNPATH_SEARCH_PATHS = (
					"$(inherited)",
					"@executable_path/Frameworks",
					"@loader_path/Frameworks",
				);
				PRODUCT_BUNDLE_IDENTIFIER = com.vivek.deshmukh.DemoAppTests;
				PRODUCT_NAME = "$(TARGET_NAME)";
				SWIFT_VERSION = 5.0;
				TARGETED_DEVICE_FAMILY = "1,2";
				TEST_HOST = "$(BUILT_PRODUCTS_DIR)/DemoApp.app/DemoApp";
			};
			name = Release;
		};
		24327F1B24A3B1B400895843 /* Debug */ = {
			isa = XCBuildConfiguration;
			baseConfigurationReference = BC45080FBEE7DB867CE7B6BC /* Pods-DemoApp-DemoAppUITests.debug.xcconfig */;
			buildSettings = {
				ALWAYS_EMBED_SWIFT_STANDARD_LIBRARIES = YES;
				CODE_SIGN_STYLE = Automatic;
				INFOPLIST_FILE = DemoAppUITests/Info.plist;
				LD_RUNPATH_SEARCH_PATHS = (
					"$(inherited)",
					"@executable_path/Frameworks",
					"@loader_path/Frameworks",
				);
				PRODUCT_BUNDLE_IDENTIFIER = com.vivek.deshmukh.DemoAppUITests;
				PRODUCT_NAME = "$(TARGET_NAME)";
				SWIFT_VERSION = 5.0;
				TARGETED_DEVICE_FAMILY = "1,2";
				TEST_TARGET_NAME = DemoApp;
			};
			name = Debug;
		};
		24327F1C24A3B1B400895843 /* Release */ = {
			isa = XCBuildConfiguration;
			baseConfigurationReference = 47ABF28ED33A0800D3E6A74C /* Pods-DemoApp-DemoAppUITests.release.xcconfig */;
			buildSettings = {
				ALWAYS_EMBED_SWIFT_STANDARD_LIBRARIES = YES;
				CODE_SIGN_STYLE = Automatic;
				INFOPLIST_FILE = DemoAppUITests/Info.plist;
				LD_RUNPATH_SEARCH_PATHS = (
					"$(inherited)",
					"@executable_path/Frameworks",
					"@loader_path/Frameworks",
				);
				PRODUCT_BUNDLE_IDENTIFIER = com.vivek.deshmukh.DemoAppUITests;
				PRODUCT_NAME = "$(TARGET_NAME)";
				SWIFT_VERSION = 5.0;
				TARGETED_DEVICE_FAMILY = "1,2";
				TEST_TARGET_NAME = DemoApp;
			};
			name = Release;
		};
/* End XCBuildConfiguration section */

/* Begin XCConfigurationList section */
		24327EE524A3B1B300895843 /* Build configuration list for PBXProject "DemoApp" */ = {
			isa = XCConfigurationList;
			buildConfigurations = (
				24327F1224A3B1B400895843 /* Debug */,
				24327F1324A3B1B400895843 /* Release */,
			);
			defaultConfigurationIsVisible = 0;
			defaultConfigurationName = Release;
		};
		24327F1424A3B1B400895843 /* Build configuration list for PBXNativeTarget "DemoApp" */ = {
			isa = XCConfigurationList;
			buildConfigurations = (
				24327F1524A3B1B400895843 /* Debug */,
				24327F1624A3B1B400895843 /* Release */,
			);
			defaultConfigurationIsVisible = 0;
			defaultConfigurationName = Release;
		};
		24327F1724A3B1B400895843 /* Build configuration list for PBXNativeTarget "DemoAppTests" */ = {
			isa = XCConfigurationList;
			buildConfigurations = (
				24327F1824A3B1B400895843 /* Debug */,
				24327F1924A3B1B400895843 /* Release */,
			);
			defaultConfigurationIsVisible = 0;
			defaultConfigurationName = Release;
		};
		24327F1A24A3B1B400895843 /* Build configuration list for PBXNativeTarget "DemoAppUITests" */ = {
			isa = XCConfigurationList;
			buildConfigurations = (
				24327F1B24A3B1B400895843 /* Debug */,
				24327F1C24A3B1B400895843 /* Release */,
			);
			defaultConfigurationIsVisible = 0;
			defaultConfigurationName = Release;
		};
/* End XCConfigurationList section */
	};
	rootObject = 24327EE224A3B1B300895843 /* Project object */;
}
